github.com/bnema/purego v0.11.0-bnema.4 h1:uQjx9QtM945rD6HkwYzPGuVN7wKr5HrFKIWE3kRprbs=
github.com/bnema/purego v0.11.0-bnema.4/go.mod h1:LHW8Sb4QO18dQaLVRU8tZCGM0SjsC+agFW/3M3nCUtg=
github.com/bnema/wlturbo v0.2.0 h1:gZPe81TrrrYW8xrbZpEvZnDI7VQBm60+dgAapbXJyRQ=
github.com/bnema/wlturbo v0.2.0/go.mod h1:4i1k1wyw7FDWOkh2hg1ZwPfrPRn3+E6WrYg9Qrt74CA=
golang.org/x/sys v0.48.0 h1:bbX/i/6MgT9BVLM9RT1thmxL04yeTAhbEz4SyadbXoo=
golang.org/x/sys v0.48.0/go.mod h1:hNLxWAXmnKAxqDtdwIYC4bM9oQPEecfsnNMuSxOs3og=
